
Microsoft Visual Studio Solution File, Format Version 12.00
# Visual Studio Version 16
VisualStudioVersion = 16.0.31112.23
MinimumVisualStudioVersion = 10.0.40219.1
Project("{FAE04EC0-301F-11D3-BF4B-00C04F79EFBC}") = "WebApplication2", "WebApplication2\WebApplication2.csproj", "{A76E0553-3EE4-424C-A273-2DE79952C287}"
EndProject
Global
	GlobalSection(SolutionConfigurationPlatforms) = preSolution
		Debug|Any CPU = Debug|Any CPU
		Release|Any CPU = Release|Any CPU
	EndGlobalSection
	GlobalSection(ProjectConfigurationPlatforms) = postSolution
		{A76E0553-3EE4-424C-A273-2DE79952C287}.Debug|Any CPU.ActiveCfg = Debug|Any CPU
		{A76E0553-3EE4-424C-A273-2DE79952C287}.Debug|Any CPU.Build.0 = Debug|Any CPU
		{A76E0553-3EE4-424C-A273-2DE79952C287}.Release|Any CPU.ActiveCfg = Release|Any CPU
		{A76E0553-3EE4-424C-A273-2DE79952C287}.Release|Any CPU.Build.0 = Release|Any CPU
	EndGlobalSection
	GlobalSection(SolutionProperties) = preSolution
		HideSolutionNode = FALSE
	EndGlobalSection
	GlobalSection(ExtensibilityGlobals) = postSolution
		SolutionGuid = {D8DBC18C-1573-49B7-8B8C-01B55C6CB204}
	EndGlobalSection
EndGlobal
